
Microsoft Visual Studio Solution File, Format Version 12.00
# Visual Studio 2013
VisualStudioVersion = 12.0.31101.0
MinimumVisualStudioVersion = 10.0.40219.1
Project("{FAE04EC0-301F-11D3-BF4B-00C04F79EFBC}") = "LibraryChallengeWeb", "LibraryChallengeWeb\LibraryChallengeWeb.csproj", "{8CAD05AA-F234-4C93-8D6C-A0631DD35AD5}"
EndProject
Project("{FAE04EC0-301F-11D3-BF4B-00C04F79EFBC}") = "LibraryChallengeCore", "LibraryChallengeCore\LibraryChallengeCore.csproj", "{39FB1A00-9381-41DD-91D4-99F2DD081907}"
EndProject
Project("{FAE04EC0-301F-11D3-BF4B-00C04F79EFBC}") = "LibraryChallengeCoreTests", "LibraryChallengeCoreTests\LibraryChallengeCoreTests.csproj", "{071E2FB8-AF66-4065-9A12-A25882F42EF0}"
EndProject
Global
	GlobalSection(SolutionConfigurationPlatforms) = preSolution
		Debug|Any CPU = Debug|Any CPU
		Release|Any CPU = Release|Any CPU
	EndGlobalSection
	GlobalSection(ProjectConfigurationPlatforms) = postSolution
		{8CAD05AA-F234-4C93-8D6C-A0631DD35AD5}.Debug|Any CPU.ActiveCfg = Debug|Any CPU
		{8CAD05AA-F234-4C93-8D6C-A0631DD35AD5}.Debug|Any CPU.Build.0 = Debug|Any CPU
		{8CAD05AA-F234-4C93-8D6C-A0631DD35AD5}.Release|Any CPU.ActiveCfg = Release|Any CPU
		{8CAD05AA-F234-4C93-8D6C-A0631DD35AD5}.Release|Any CPU.Build.0 = Release|Any CPU
		{39FB1A00-9381-41DD-91D4-99F2DD081907}.Debug|Any CPU.ActiveCfg = Debug|Any CPU
		{39FB1A00-9381-41DD-91D4-99F2DD081907}.Debug|Any CPU.Build.0 = Debug|Any CPU
		{39FB1A00-9381-41DD-91D4-99F2DD081907}.Release|Any CPU.ActiveCfg = Release|Any CPU
		{39FB1A00-9381-41DD-91D4-99F2DD081907}.Release|Any CPU.Build.0 = Release|Any CPU
		{071E2FB8-AF66-4065-9A12-A25882F42EF0}.Debug|Any CPU.ActiveCfg = Debug|Any CPU
		{071E2FB8-AF66-4065-9A12-A25882F42EF0}.Debug|Any CPU.Build.0 = Debug|Any CPU
		{071E2FB8-AF66-4065-9A12-A25882F42EF0}.Release|Any CPU.ActiveCfg = Release|Any CPU
		{071E2FB8-AF66-4065-9A12-A25882F42EF0}.Release|Any CPU.Build.0 = Release|Any CPU
	EndGlobalSection
	GlobalSection(SolutionProperties) = preSolution
		HideSolutionNode = FALSE
	EndGlobalSection
EndGlobal
